
Microsoft Visual Studio Solution File, Format Version 12.00
#
Project("{FAE04EC0-301F-11D3-BF4B-00C04F79EFBC}") = "WebApiSandbox", "WebApiSandbox\WebApiSandbox.csproj", "{52610C1E-36BA-4AD4-B6C8-D0AA099E0F4B}"
EndProject
Project("{FAE04EC0-301F-11D3-BF4B-00C04F79EFBC}") = "WeatherDbContext", "WeatherDbContext\WeatherDbContext.csproj", "{526F5AEB-703D-4913-A758-2E1485A2C28B}"
EndProject
Project("{FAE04EC0-301F-11D3-BF4B-00C04F79EFBC}") = "WebApiSandboxControllers", "WebApiSandboxControllers\WebApiSandboxControllers.csproj", "{842557F7-36D1-452C-8CE9-8B428CE0BAC8}"
EndProject
Project("{FAE04EC0-301F-11D3-BF4B-00C04F79EFBC}") = "WebApiSandboxRepositories", "WebApiSandboxRepositories\WebApiSandboxRepositories.csproj", "{1C9046FB-FD08-411F-B1F3-5BC4D7CCFCFE}"
EndProject
Project("{FAE04EC0-301F-11D3-BF4B-00C04F79EFBC}") = "WebApiSandboxRepositoryInterfaces", "WebApiSandboxRepositoryInterfaces\WebApiSandboxRepositoryInterfaces.csproj", "{4DB25D4C-B112-432E-B5C1-E0E1E10B9F62}"
EndProject
Project("{FAE04EC0-301F-11D3-BF4B-00C04F79EFBC}") = "WebApiSandboxViewModels", "WebApiSandboxViewModels\WebApiSandboxViewModels.csproj", "{96CE7B71-B364-46F7-895A-BC42289BEFDC}"
EndProject
Project("{FAE04EC0-301F-11D3-BF4B-00C04F79EFBC}") = "RepositoriesExceptions", "RepositoriesExceptions\RepositoriesExceptions.csproj", "{A6875F45-CFBB-4294-A586-2817AA867DF2}"
EndProject
Project("{FAE04EC0-301F-11D3-BF4B-00C04F79EFBC}") = "SandboxAuthentication", "SandboxAuthentication\SandboxAuthentication.csproj", "{BADB01C3-3119-4584-9950-2F9F8BC88BA4}"
EndProject
Project("{FAE04EC0-301F-11D3-BF4B-00C04F79EFBC}") = "SandboxAuthenticationInterfaces", "SandboxAuthenticationInterfaces\SandboxAuthenticationInterfaces.csproj", "{968BE819-43B7-4045-9FF8-647092DD6879}"
EndProject
Project("{FAE04EC0-301F-11D3-BF4B-00C04F79EFBC}") = "SandboxConfigurations", "SandboxConfigurations\SandboxConfigurations.csproj", "{C215610A-E8BB-4827-8BAA-6EF4BFECC0C2}"
EndProject
Project("{FAE04EC0-301F-11D3-BF4B-00C04F79EFBC}") = "SandboxServices", "SandboxServices\SandboxServices.csproj", "{2C10AA00-9794-4686-AD22-009C4DC153E2}"
EndProject
Project("{FAE04EC0-301F-11D3-BF4B-00C04F79EFBC}") = "SandboxRemoteApisImportersInterfaces", "SandboxRemoteApisImportersInterfaces\SandboxRemoteApisImportersInterfaces.csproj", "{1D8B9B20-4809-46E9-9018-6A7B123C9F97}"
EndProject
Project("{FAE04EC0-301F-11D3-BF4B-00C04F79EFBC}") = "SandboxRemoteApisImporters", "SandboxRemoteApisImporters\SandboxRemoteApisImporters.csproj", "{96488E09-2DBA-40DF-A482-99D622D97FC4}"
EndProject
Project("{2150E333-8FDC-42A3-9474-1A3956D46DE8}") = "WebApi", "WebApi", "{710C6521-9361-422F-87E6-5485759E0B22}"
EndProject
Project("{FAE04EC0-301F-11D3-BF4B-00C04F79EFBC}") = "SandboxAppHost", "SandboxAppHost\SandboxAppHost.csproj", "{BB7247A8-9EB4-4241-9525-24AF622187AD}"
EndProject
Project("{FAE04EC0-301F-11D3-BF4B-00C04F79EFBC}") = "WeatherDbMigrationService", "WeatherDbMigrationService\WeatherDbMigrationService.csproj", "{07F99F0C-FA98-4DF9-9CC5-C36B84B85EC7}"
EndProject
Project("{FAE04EC0-301F-11D3-BF4B-00C04F79EFBC}") = "SandboxAspireServiceDefaults", "SandboxAspireServiceDefaults\SandboxAspireServiceDefaults.csproj", "{8869B1B8-2B4F-429C-8C85-61100C8A8710}"
EndProject
Project("{2150E333-8FDC-42A3-9474-1A3956D46DE8}") = "Aspire", "Aspire", "{21E8F3A3-D535-4DA9-9C6C-E73856609DC8}"
EndProject
Project("{2150E333-8FDC-42A3-9474-1A3956D46DE8}") = "Authentication", "Authentication", "{0FEEAB8E-5A30-4DA8-9D0A-74CAE5150835}"
EndProject
Project("{2150E333-8FDC-42A3-9474-1A3956D46DE8}") = "WeatherImportService", "WeatherImportService", "{327E2B4B-BCAB-4219-B4E4-631CC44E393B}"
EndProject
Project("{FAE04EC0-301F-11D3-BF4B-00C04F79EFBC}") = "WeatherModels", "WeatherModels\WeatherModels.csproj", "{2DC8E861-9728-4232-AFC2-EB8C80B84586}"
EndProject
Project("{2150E333-8FDC-42A3-9474-1A3956D46DE8}") = "WeatherStorage", "WeatherStorage", "{C2A1479A-B0A0-4306-9B7D-145B6C44FEC4}"
EndProject
Project("{FAE04EC0-301F-11D3-BF4B-00C04F79EFBC}") = "AuthContext", "AuthContext\AuthContext.csproj", "{C9A18419-CDE6-40C4-8B49-02B84FB9388C}"
EndProject
Project("{FAE04EC0-301F-11D3-BF4B-00C04F79EFBC}") = "AuthDbMigration", "AuthDbMigration\AuthDbMigration.csproj", "{65988618-8AEB-4194-8398-C9EA506620FB}"
EndProject
Global
	GlobalSection(SolutionConfigurationPlatforms) = preSolution
		Debug|Any CPU = Debug|Any CPU
		Release|Any CPU = Release|Any CPU
	EndGlobalSection
	GlobalSection(ProjectConfigurationPlatforms) = postSolution
		{52610C1E-36BA-4AD4-B6C8-D0AA099E0F4B}.Debug|Any CPU.ActiveCfg = Debug|Any CPU
		{52610C1E-36BA-4AD4-B6C8-D0AA099E0F4B}.Debug|Any CPU.Build.0 = Debug|Any CPU
		{52610C1E-36BA-4AD4-B6C8-D0AA099E0F4B}.Release|Any CPU.ActiveCfg = Release|Any CPU
		{52610C1E-36BA-4AD4-B6C8-D0AA099E0F4B}.Release|Any CPU.Build.0 = Release|Any CPU
		{526F5AEB-703D-4913-A758-2E1485A2C28B}.Debug|Any CPU.ActiveCfg = Debug|Any CPU
		{526F5AEB-703D-4913-A758-2E1485A2C28B}.Debug|Any CPU.Build.0 = Debug|Any CPU
		{526F5AEB-703D-4913-A758-2E1485A2C28B}.Release|Any CPU.ActiveCfg = Release|Any CPU
		{526F5AEB-703D-4913-A758-2E1485A2C28B}.Release|Any CPU.Build.0 = Release|Any CPU
		{842557F7-36D1-452C-8CE9-8B428CE0BAC8}.Debug|Any CPU.ActiveCfg = Debug|Any CPU
		{842557F7-36D1-452C-8CE9-8B428CE0BAC8}.Debug|Any CPU.Build.0 = Debug|Any CPU
		{842557F7-36D1-452C-8CE9-8B428CE0BAC8}.Release|Any CPU.ActiveCfg = Release|Any CPU
		{842557F7-36D1-452C-8CE9-8B428CE0BAC8}.Release|Any CPU.Build.0 = Release|Any CPU
		{1C9046FB-FD08-411F-B1F3-5BC4D7CCFCFE}.Debug|Any CPU.ActiveCfg = Debug|Any CPU
		{1C9046FB-FD08-411F-B1F3-5BC4D7CCFCFE}.Debug|Any CPU.Build.0 = Debug|Any CPU
		{1C9046FB-FD08-411F-B1F3-5BC4D7CCFCFE}.Release|Any CPU.ActiveCfg = Release|Any CPU
		{1C9046FB-FD08-411F-B1F3-5BC4D7CCFCFE}.Release|Any CPU.Build.0 = Release|Any CPU
		{4DB25D4C-B112-432E-B5C1-E0E1E10B9F62}.Debug|Any CPU.ActiveCfg = Debug|Any CPU
		{4DB25D4C-B112-432E-B5C1-E0E1E10B9F62}.Debug|Any CPU.Build.0 = Debug|Any CPU
		{4DB25D4C-B112-432E-B5C1-E0E1E10B9F62}.Release|Any CPU.ActiveCfg = Release|Any CPU
		{4DB25D4C-B112-432E-B5C1-E0E1E10B9F62}.Release|Any CPU.Build.0 = Release|Any CPU
		{96CE7B71-B364-46F7-895A-BC42289BEFDC}.Debug|Any CPU.ActiveCfg = Debug|Any CPU
		{96CE7B71-B364-46F7-895A-BC42289BEFDC}.Debug|Any CPU.Build.0 = Debug|Any CPU
		{96CE7B71-B364-46F7-895A-BC42289BEFDC}.Release|Any CPU.ActiveCfg = Release|Any CPU
		{96CE7B71-B364-46F7-895A-BC42289BEFDC}.Release|Any CPU.Build.0 = Release|Any CPU
		{A6875F45-CFBB-4294-A586-2817AA867DF2}.Debug|Any CPU.ActiveCfg = Debug|Any CPU
		{A6875F45-CFBB-4294-A586-2817AA867DF2}.Debug|Any CPU.Build.0 = Debug|Any CPU
		{A6875F45-CFBB-4294-A586-2817AA867DF2}.Release|Any CPU.ActiveCfg = Release|Any CPU
		{A6875F45-CFBB-4294-A586-2817AA867DF2}.Release|Any CPU.Build.0 = Release|Any CPU
		{BADB01C3-3119-4584-9950-2F9F8BC88BA4}.Debug|Any CPU.ActiveCfg = Debug|Any CPU
		{BADB01C3-3119-4584-9950-2F9F8BC88BA4}.Debug|Any CPU.Build.0 = Debug|Any CPU
		{BADB01C3-3119-4584-9950-2F9F8BC88BA4}.Release|Any CPU.ActiveCfg = Release|Any CPU
		{BADB01C3-3119-4584-9950-2F9F8BC88BA4}.Release|Any CPU.Build.0 = Release|Any CPU
		{968BE819-43B7-4045-9FF8-647092DD6879}.Debug|Any CPU.ActiveCfg = Debug|Any CPU
		{968BE819-43B7-4045-9FF8-647092DD6879}.Debug|Any CPU.Build.0 = Debug|Any CPU
		{968BE819-43B7-4045-9FF8-647092DD6879}.Release|Any CPU.ActiveCfg = Release|Any CPU
		{968BE819-43B7-4045-9FF8-647092DD6879}.Release|Any CPU.Build.0 = Release|Any CPU
		{C215610A-E8BB-4827-8BAA-6EF4BFECC0C2}.Debug|Any CPU.ActiveCfg = Debug|Any CPU
		{C215610A-E8BB-4827-8BAA-6EF4BFECC0C2}.Debug|Any CPU.Build.0 = Debug|Any CPU
		{C215610A-E8BB-4827-8BAA-6EF4BFECC0C2}.Release|Any CPU.ActiveCfg = Release|Any CPU
		{C215610A-E8BB-4827-8BAA-6EF4BFECC0C2}.Release|Any CPU.Build.0 = Release|Any CPU
		{2C10AA00-9794-4686-AD22-009C4DC153E2}.Debug|Any CPU.ActiveCfg = Debug|Any CPU
		{2C10AA00-9794-4686-AD22-009C4DC153E2}.Debug|Any CPU.Build.0 = Debug|Any CPU
		{2C10AA00-9794-4686-AD22-009C4DC153E2}.Release|Any CPU.ActiveCfg = Release|Any CPU
		{2C10AA00-9794-4686-AD22-009C4DC153E2}.Release|Any CPU.Build.0 = Release|Any CPU
		{1D8B9B20-4809-46E9-9018-6A7B123C9F97}.Debug|Any CPU.ActiveCfg = Debug|Any CPU
		{1D8B9B20-4809-46E9-9018-6A7B123C9F97}.Debug|Any CPU.Build.0 = Debug|Any CPU
		{1D8B9B20-4809-46E9-9018-6A7B123C9F97}.Release|Any CPU.ActiveCfg = Release|Any CPU
		{1D8B9B20-4809-46E9-9018-6A7B123C9F97}.Release|Any CPU.Build.0 = Release|Any CPU
		{96488E09-2DBA-40DF-A482-99D622D97FC4}.Debug|Any CPU.ActiveCfg = Debug|Any CPU
		{96488E09-2DBA-40DF-A482-99D622D97FC4}.Debug|Any CPU.Build.0 = Debug|Any CPU
		{96488E09-2DBA-40DF-A482-99D622D97FC4}.Release|Any CPU.ActiveCfg = Release|Any CPU
		{96488E09-2DBA-40DF-A482-99D622D97FC4}.Release|Any CPU.Build.0 = Release|Any CPU
		{BB7247A8-9EB4-4241-9525-24AF622187AD}.Debug|Any CPU.ActiveCfg = Debug|Any CPU
		{BB7247A8-9EB4-4241-9525-24AF622187AD}.Debug|Any CPU.Build.0 = Debug|Any CPU
		{BB7247A8-9EB4-4241-9525-24AF622187AD}.Release|Any CPU.ActiveCfg = Release|Any CPU
		{BB7247A8-9EB4-4241-9525-24AF622187AD}.Release|Any CPU.Build.0 = Release|Any CPU
		{07F99F0C-FA98-4DF9-9CC5-C36B84B85EC7}.Debug|Any CPU.ActiveCfg = Debug|Any CPU
		{07F99F0C-FA98-4DF9-9CC5-C36B84B85EC7}.Debug|Any CPU.Build.0 = Debug|Any CPU
		{07F99F0C-FA98-4DF9-9CC5-C36B84B85EC7}.Release|Any CPU.ActiveCfg = Release|Any CPU
		{07F99F0C-FA98-4DF9-9CC5-C36B84B85EC7}.Release|Any CPU.Build.0 = Release|Any CPU
		{8869B1B8-2B4F-429C-8C85-61100C8A8710}.Debug|Any CPU.ActiveCfg = Debug|Any CPU
		{8869B1B8-2B4F-429C-8C85-61100C8A8710}.Debug|Any CPU.Build.0 = Debug|Any CPU
		{8869B1B8-2B4F-429C-8C85-61100C8A8710}.Release|Any CPU.ActiveCfg = Release|Any CPU
		{8869B1B8-2B4F-429C-8C85-61100C8A8710}.Release|Any CPU.Build.0 = Release|Any CPU
		{2DC8E861-9728-4232-AFC2-EB8C80B84586}.Debug|Any CPU.ActiveCfg = Debug|Any CPU
		{2DC8E861-9728-4232-AFC2-EB8C80B84586}.Debug|Any CPU.Build.0 = Debug|Any CPU
		{2DC8E861-9728-4232-AFC2-EB8C80B84586}.Release|Any CPU.ActiveCfg = Release|Any CPU
		{2DC8E861-9728-4232-AFC2-EB8C80B84586}.Release|Any CPU.Build.0 = Release|Any CPU
		{C9A18419-CDE6-40C4-8B49-02B84FB9388C}.Debug|Any CPU.ActiveCfg = Debug|Any CPU
		{C9A18419-CDE6-40C4-8B49-02B84FB9388C}.Debug|Any CPU.Build.0 = Debug|Any CPU
		{C9A18419-CDE6-40C4-8B49-02B84FB9388C}.Release|Any CPU.ActiveCfg = Release|Any CPU
		{C9A18419-CDE6-40C4-8B49-02B84FB9388C}.Release|Any CPU.Build.0 = Release|Any CPU
		{65988618-8AEB-4194-8398-C9EA506620FB}.Debug|Any CPU.ActiveCfg = Debug|Any CPU
		{65988618-8AEB-4194-8398-C9EA506620FB}.Debug|Any CPU.Build.0 = Debug|Any CPU
		{65988618-8AEB-4194-8398-C9EA506620FB}.Release|Any CPU.ActiveCfg = Release|Any CPU
		{65988618-8AEB-4194-8398-C9EA506620FB}.Release|Any CPU.Build.0 = Release|Any CPU
	EndGlobalSection
	GlobalSection(NestedProjects) = preSolution
		{52610C1E-36BA-4AD4-B6C8-D0AA099E0F4B} = {710C6521-9361-422F-87E6-5485759E0B22}
		{4DB25D4C-B112-432E-B5C1-E0E1E10B9F62} = {710C6521-9361-422F-87E6-5485759E0B22}
		{842557F7-36D1-452C-8CE9-8B428CE0BAC8} = {710C6521-9361-422F-87E6-5485759E0B22}
		{1C9046FB-FD08-411F-B1F3-5BC4D7CCFCFE} = {710C6521-9361-422F-87E6-5485759E0B22}
		{96CE7B71-B364-46F7-895A-BC42289BEFDC} = {710C6521-9361-422F-87E6-5485759E0B22}
		{8869B1B8-2B4F-429C-8C85-61100C8A8710} = {21E8F3A3-D535-4DA9-9C6C-E73856609DC8}
		{BB7247A8-9EB4-4241-9525-24AF622187AD} = {21E8F3A3-D535-4DA9-9C6C-E73856609DC8}
		{968BE819-43B7-4045-9FF8-647092DD6879} = {0FEEAB8E-5A30-4DA8-9D0A-74CAE5150835}
		{BADB01C3-3119-4584-9950-2F9F8BC88BA4} = {0FEEAB8E-5A30-4DA8-9D0A-74CAE5150835}
		{2C10AA00-9794-4686-AD22-009C4DC153E2} = {327E2B4B-BCAB-4219-B4E4-631CC44E393B}
		{1D8B9B20-4809-46E9-9018-6A7B123C9F97} = {327E2B4B-BCAB-4219-B4E4-631CC44E393B}
		{96488E09-2DBA-40DF-A482-99D622D97FC4} = {327E2B4B-BCAB-4219-B4E4-631CC44E393B}
		{526F5AEB-703D-4913-A758-2E1485A2C28B} = {C2A1479A-B0A0-4306-9B7D-145B6C44FEC4}
		{2DC8E861-9728-4232-AFC2-EB8C80B84586} = {C2A1479A-B0A0-4306-9B7D-145B6C44FEC4}
		{07F99F0C-FA98-4DF9-9CC5-C36B84B85EC7} = {C2A1479A-B0A0-4306-9B7D-145B6C44FEC4}
		{C9A18419-CDE6-40C4-8B49-02B84FB9388C} = {0FEEAB8E-5A30-4DA8-9D0A-74CAE5150835}
		{65988618-8AEB-4194-8398-C9EA506620FB} = {0FEEAB8E-5A30-4DA8-9D0A-74CAE5150835}
	EndGlobalSection
EndGlobal
