
Microsoft Visual Studio Solution File, Format Version 12.00
Project("{FAE04EC0-301F-11D3-BF4B-00C04F79EFBC}") = "WebApiSandbox", "WebApiSandbox\WebApiSandbox.csproj", "{52610C1E-36BA-4AD4-B6C8-D0AA099E0F4B}"
EndProject
Project("{FAE04EC0-301F-11D3-BF4B-00C04F79EFBC}") = "EfCoreContext", "EfCoreContext\EfCoreContext.csproj", "{526F5AEB-703D-4913-A758-2E1485A2C28B}"
EndProject
Project("{FAE04EC0-301F-11D3-BF4B-00C04F79EFBC}") = "DbDataGenerator", "DbDataGenerator\DbDataGenerator.csproj", "{D64A52CA-5388-4102-A119-32090CA0F543}"
EndProject
Project("{FAE04EC0-301F-11D3-BF4B-00C04F79EFBC}") = "WebApiSandboxControllers", "WebApiSandboxControllers\WebApiSandboxControllers.csproj", "{842557F7-36D1-452C-8CE9-8B428CE0BAC8}"
EndProject
Project("{FAE04EC0-301F-11D3-BF4B-00C04F79EFBC}") = "WebApiSandboxRepositories", "WebApiSandboxRepositories\WebApiSandboxRepositories.csproj", "{1C9046FB-FD08-411F-B1F3-5BC4D7CCFCFE}"
EndProject
Project("{FAE04EC0-301F-11D3-BF4B-00C04F79EFBC}") = "WebApiSandboxRepositoryInterfaces", "WebApiSandboxRepositoryInterfaces\WebApiSandboxRepositoryInterfaces.csproj", "{4DB25D4C-B112-432E-B5C1-E0E1E10B9F62}"
EndProject
Project("{FAE04EC0-301F-11D3-BF4B-00C04F79EFBC}") = "WebApiSandboxViewModels", "WebApiSandboxViewModels\WebApiSandboxViewModels.csproj", "{96CE7B71-B364-46F7-895A-BC42289BEFDC}"
EndProject
Project("{FAE04EC0-301F-11D3-BF4B-00C04F79EFBC}") = "RepositoriesExceptions", "RepositoriesExceptions\RepositoriesExceptions.csproj", "{A6875F45-CFBB-4294-A586-2817AA867DF2}"
EndProject
Project("{FAE04EC0-301F-11D3-BF4B-00C04F79EFBC}") = "SandboxAuthentication", "SandboxAuthentication\SandboxAuthentication.csproj", "{BADB01C3-3119-4584-9950-2F9F8BC88BA4}"
EndProject
Project("{FAE04EC0-301F-11D3-BF4B-00C04F79EFBC}") = "SandboxAuthenticationInterfaces", "SandboxAuthenticationInterfaces\SandboxAuthenticationInterfaces.csproj", "{968BE819-43B7-4045-9FF8-647092DD6879}"
EndProject
Project("{FAE04EC0-301F-11D3-BF4B-00C04F79EFBC}") = "SandboxConfigurations", "SandboxConfigurations\SandboxConfigurations.csproj", "{C215610A-E8BB-4827-8BAA-6EF4BFECC0C2}"
EndProject
Global
	GlobalSection(SolutionConfigurationPlatforms) = preSolution
		Debug|Any CPU = Debug|Any CPU
		Release|Any CPU = Release|Any CPU
	EndGlobalSection
	GlobalSection(ProjectConfigurationPlatforms) = postSolution
		{52610C1E-36BA-4AD4-B6C8-D0AA099E0F4B}.Debug|Any CPU.ActiveCfg = Debug|Any CPU
		{52610C1E-36BA-4AD4-B6C8-D0AA099E0F4B}.Debug|Any CPU.Build.0 = Debug|Any CPU
		{52610C1E-36BA-4AD4-B6C8-D0AA099E0F4B}.Release|Any CPU.ActiveCfg = Release|Any CPU
		{52610C1E-36BA-4AD4-B6C8-D0AA099E0F4B}.Release|Any CPU.Build.0 = Release|Any CPU
		{526F5AEB-703D-4913-A758-2E1485A2C28B}.Debug|Any CPU.ActiveCfg = Debug|Any CPU
		{526F5AEB-703D-4913-A758-2E1485A2C28B}.Debug|Any CPU.Build.0 = Debug|Any CPU
		{526F5AEB-703D-4913-A758-2E1485A2C28B}.Release|Any CPU.ActiveCfg = Release|Any CPU
		{526F5AEB-703D-4913-A758-2E1485A2C28B}.Release|Any CPU.Build.0 = Release|Any CPU
		{D64A52CA-5388-4102-A119-32090CA0F543}.Debug|Any CPU.ActiveCfg = Debug|Any CPU
		{D64A52CA-5388-4102-A119-32090CA0F543}.Debug|Any CPU.Build.0 = Debug|Any CPU
		{D64A52CA-5388-4102-A119-32090CA0F543}.Release|Any CPU.ActiveCfg = Release|Any CPU
		{D64A52CA-5388-4102-A119-32090CA0F543}.Release|Any CPU.Build.0 = Release|Any CPU
		{842557F7-36D1-452C-8CE9-8B428CE0BAC8}.Debug|Any CPU.ActiveCfg = Debug|Any CPU
		{842557F7-36D1-452C-8CE9-8B428CE0BAC8}.Debug|Any CPU.Build.0 = Debug|Any CPU
		{842557F7-36D1-452C-8CE9-8B428CE0BAC8}.Release|Any CPU.ActiveCfg = Release|Any CPU
		{842557F7-36D1-452C-8CE9-8B428CE0BAC8}.Release|Any CPU.Build.0 = Release|Any CPU
		{1C9046FB-FD08-411F-B1F3-5BC4D7CCFCFE}.Debug|Any CPU.ActiveCfg = Debug|Any CPU
		{1C9046FB-FD08-411F-B1F3-5BC4D7CCFCFE}.Debug|Any CPU.Build.0 = Debug|Any CPU
		{1C9046FB-FD08-411F-B1F3-5BC4D7CCFCFE}.Release|Any CPU.ActiveCfg = Release|Any CPU
		{1C9046FB-FD08-411F-B1F3-5BC4D7CCFCFE}.Release|Any CPU.Build.0 = Release|Any CPU
		{4DB25D4C-B112-432E-B5C1-E0E1E10B9F62}.Debug|Any CPU.ActiveCfg = Debug|Any CPU
		{4DB25D4C-B112-432E-B5C1-E0E1E10B9F62}.Debug|Any CPU.Build.0 = Debug|Any CPU
		{4DB25D4C-B112-432E-B5C1-E0E1E10B9F62}.Release|Any CPU.ActiveCfg = Release|Any CPU
		{4DB25D4C-B112-432E-B5C1-E0E1E10B9F62}.Release|Any CPU.Build.0 = Release|Any CPU
		{96CE7B71-B364-46F7-895A-BC42289BEFDC}.Debug|Any CPU.ActiveCfg = Debug|Any CPU
		{96CE7B71-B364-46F7-895A-BC42289BEFDC}.Debug|Any CPU.Build.0 = Debug|Any CPU
		{96CE7B71-B364-46F7-895A-BC42289BEFDC}.Release|Any CPU.ActiveCfg = Release|Any CPU
		{96CE7B71-B364-46F7-895A-BC42289BEFDC}.Release|Any CPU.Build.0 = Release|Any CPU
		{A6875F45-CFBB-4294-A586-2817AA867DF2}.Debug|Any CPU.ActiveCfg = Debug|Any CPU
		{A6875F45-CFBB-4294-A586-2817AA867DF2}.Debug|Any CPU.Build.0 = Debug|Any CPU
		{A6875F45-CFBB-4294-A586-2817AA867DF2}.Release|Any CPU.ActiveCfg = Release|Any CPU
		{A6875F45-CFBB-4294-A586-2817AA867DF2}.Release|Any CPU.Build.0 = Release|Any CPU
		{BADB01C3-3119-4584-9950-2F9F8BC88BA4}.Debug|Any CPU.ActiveCfg = Debug|Any CPU
		{BADB01C3-3119-4584-9950-2F9F8BC88BA4}.Debug|Any CPU.Build.0 = Debug|Any CPU
		{BADB01C3-3119-4584-9950-2F9F8BC88BA4}.Release|Any CPU.ActiveCfg = Release|Any CPU
		{BADB01C3-3119-4584-9950-2F9F8BC88BA4}.Release|Any CPU.Build.0 = Release|Any CPU
		{968BE819-43B7-4045-9FF8-647092DD6879}.Debug|Any CPU.ActiveCfg = Debug|Any CPU
		{968BE819-43B7-4045-9FF8-647092DD6879}.Debug|Any CPU.Build.0 = Debug|Any CPU
		{968BE819-43B7-4045-9FF8-647092DD6879}.Release|Any CPU.ActiveCfg = Release|Any CPU
		{968BE819-43B7-4045-9FF8-647092DD6879}.Release|Any CPU.Build.0 = Release|Any CPU
		{C215610A-E8BB-4827-8BAA-6EF4BFECC0C2}.Debug|Any CPU.ActiveCfg = Debug|Any CPU
		{C215610A-E8BB-4827-8BAA-6EF4BFECC0C2}.Debug|Any CPU.Build.0 = Debug|Any CPU
		{C215610A-E8BB-4827-8BAA-6EF4BFECC0C2}.Release|Any CPU.ActiveCfg = Release|Any CPU
		{C215610A-E8BB-4827-8BAA-6EF4BFECC0C2}.Release|Any CPU.Build.0 = Release|Any CPU
	EndGlobalSection
EndGlobal
